
Microsoft Visual Studio Solution File, Format Version 12.00
# Visual Studio Version 17
VisualStudioVersion = 17.4.33110.190
MinimumVisualStudioVersion = 10.0.40219.1
Project("{9A19103F-16F7-4668-BE54-9A1E7A4F7556}") = "FullStack.API", "FullStack.API\FullStack.API.csproj", "{6D7CAC87-A76E-4CE8-A292-53FB884A5E1E}"
EndProject
Project("{E53339B2-1760-4266-BCC7-CA923CBCF16C}") = "docker-compose", "docker-compose.dcproj", "{92A526CE-1E70-4697-8E62-D45098345591}"
EndProject
Project("{9A19103F-16F7-4668-BE54-9A1E7A4F7556}") = "WebApp", "WebApp\WebApp.csproj", "{98A31912-48DB-42B2-B8F9-9B2807DDAF2F}"
EndProject
Global
	GlobalSection(SolutionConfigurationPlatforms) = preSolution
		Debug|Any CPU = Debug|Any CPU
		Release|Any CPU = Release|Any CPU
	EndGlobalSection
	GlobalSection(ProjectConfigurationPlatforms) = postSolution
		{6D7CAC87-A76E-4CE8-A292-53FB884A5E1E}.Debug|Any CPU.ActiveCfg = Debug|Any CPU
		{6D7CAC87-A76E-4CE8-A292-53FB884A5E1E}.Debug|Any CPU.Build.0 = Debug|Any CPU
		{6D7CAC87-A76E-4CE8-A292-53FB884A5E1E}.Release|Any CPU.ActiveCfg = Release|Any CPU
		{6D7CAC87-A76E-4CE8-A292-53FB884A5E1E}.Release|Any CPU.Build.0 = Release|Any CPU
		{92A526CE-1E70-4697-8E62-D45098345591}.Debug|Any CPU.ActiveCfg = Debug|Any CPU
		{92A526CE-1E70-4697-8E62-D45098345591}.Debug|Any CPU.Build.0 = Debug|Any CPU
		{92A526CE-1E70-4697-8E62-D45098345591}.Release|Any CPU.ActiveCfg = Release|Any CPU
		{92A526CE-1E70-4697-8E62-D45098345591}.Release|Any CPU.Build.0 = Release|Any CPU
		{98A31912-48DB-42B2-B8F9-9B2807DDAF2F}.Debug|Any CPU.ActiveCfg = Debug|Any CPU
		{98A31912-48DB-42B2-B8F9-9B2807DDAF2F}.Debug|Any CPU.Build.0 = Debug|Any CPU
		{98A31912-48DB-42B2-B8F9-9B2807DDAF2F}.Release|Any CPU.ActiveCfg = Release|Any CPU
		{98A31912-48DB-42B2-B8F9-9B2807DDAF2F}.Release|Any CPU.Build.0 = Release|Any CPU
	EndGlobalSection
	GlobalSection(SolutionProperties) = preSolution
		HideSolutionNode = FALSE
	EndGlobalSection
	GlobalSection(ExtensibilityGlobals) = postSolution
		SolutionGuid = {7AAC70E1-A244-4EE2-B4E4-AA07D9C6126C}
	EndGlobalSection
EndGlobal
